
Microsoft Visual Studio Solution File, Format Version 12.00
# Visual Studio 15
VisualStudioVersion = 15.0.27004.2006
MinimumVisualStudioVersion = 10.0.40219.1
Project("{FAE04EC0-301F-11D3-BF4B-00C04F79EFBC}") = "CRUD_MVC5_AngularJs", "CRUD_MVC5_AngularJs\CRUD_MVC5_AngularJs.csproj", "{1ED82F3F-1DE9-48DA-9ACD-B4F739B8BD8E}"
EndProject
Global
	GlobalSection(SolutionConfigurationPlatforms) = preSolution
		Debug|Any CPU = Debug|Any CPU
		Release|Any CPU = Release|Any CPU
	EndGlobalSection
	GlobalSection(ProjectConfigurationPlatforms) = postSolution
		{1ED82F3F-1DE9-48DA-9ACD-B4F739B8BD8E}.Debug|Any CPU.ActiveCfg = Debug|Any CPU
		{1ED82F3F-1DE9-48DA-9ACD-B4F739B8BD8E}.Debug|Any CPU.Build.0 = Debug|Any CPU
		{1ED82F3F-1DE9-48DA-9ACD-B4F739B8BD8E}.Release|Any CPU.ActiveCfg = Release|Any CPU
		{1ED82F3F-1DE9-48DA-9ACD-B4F739B8BD8E}.Release|Any CPU.Build.0 = Release|Any CPU
	EndGlobalSection
	GlobalSection(SolutionProperties) = preSolution
		HideSolutionNode = FALSE
	EndGlobalSection
	GlobalSection(ExtensibilityGlobals) = postSolution
		SolutionGuid = {293D54EC-9906-4CE2-994A-9C027825987D}
	EndGlobalSection
EndGlobal
